
Microsoft Visual Studio Solution File, Format Version 12.00
# Visual Studio 15
VisualStudioVersion = 15.0.28307.902
MinimumVisualStudioVersion = 10.0.40219.1
Project("{9A19103F-16F7-4668-BE54-9A1E7A4F7556}") = "Backend", "Backend\Backend.csproj", "{ED5D27BC-6014-4547-8C58-FF253C92D013}"
EndProject
Project("{9A19103F-16F7-4668-BE54-9A1E7A4F7556}") = "Data", "Data\Data.csproj", "{F3A159AA-5575-44D1-9EF0-31128B3BEAAD}"
EndProject
Project("{9A19103F-16F7-4668-BE54-9A1E7A4F7556}") = "StudenMangerServices", "StudenMangerServices\StudenMangerServices.csproj", "{CF0721BA-9678-48C9-9EED-7834331ECCA9}"
EndProject
Project("{FAE04EC0-301F-11D3-BF4B-00C04F79EFBC}") = "Utility", "Utility\Utility.csproj", "{9AC41665-6445-4962-AEA2-53A71A8D6F4A}"
EndProject
Global
	GlobalSection(SolutionConfigurationPlatforms) = preSolution
		Debug|Any CPU = Debug|Any CPU
		Release|Any CPU = Release|Any CPU
	EndGlobalSection
	GlobalSection(ProjectConfigurationPlatforms) = postSolution
		{ED5D27BC-6014-4547-8C58-FF253C92D013}.Debug|Any CPU.ActiveCfg = Debug|Any CPU
		{ED5D27BC-6014-4547-8C58-FF253C92D013}.Debug|Any CPU.Build.0 = Debug|Any CPU
		{ED5D27BC-6014-4547-8C58-FF253C92D013}.Release|Any CPU.ActiveCfg = Release|Any CPU
		{ED5D27BC-6014-4547-8C58-FF253C92D013}.Release|Any CPU.Build.0 = Release|Any CPU
		{F3A159AA-5575-44D1-9EF0-31128B3BEAAD}.Debug|Any CPU.ActiveCfg = Debug|Any CPU
		{F3A159AA-5575-44D1-9EF0-31128B3BEAAD}.Debug|Any CPU.Build.0 = Debug|Any CPU
		{F3A159AA-5575-44D1-9EF0-31128B3BEAAD}.Release|Any CPU.ActiveCfg = Release|Any CPU
		{F3A159AA-5575-44D1-9EF0-31128B3BEAAD}.Release|Any CPU.Build.0 = Release|Any CPU
		{CF0721BA-9678-48C9-9EED-7834331ECCA9}.Debug|Any CPU.ActiveCfg = Debug|Any CPU
		{CF0721BA-9678-48C9-9EED-7834331ECCA9}.Debug|Any CPU.Build.0 = Debug|Any CPU
		{CF0721BA-9678-48C9-9EED-7834331ECCA9}.Release|Any CPU.ActiveCfg = Release|Any CPU
		{CF0721BA-9678-48C9-9EED-7834331ECCA9}.Release|Any CPU.Build.0 = Release|Any CPU
		{9AC41665-6445-4962-AEA2-53A71A8D6F4A}.Debug|Any CPU.ActiveCfg = Debug|Any CPU
		{9AC41665-6445-4962-AEA2-53A71A8D6F4A}.Debug|Any CPU.Build.0 = Debug|Any CPU
		{9AC41665-6445-4962-AEA2-53A71A8D6F4A}.Release|Any CPU.ActiveCfg = Release|Any CPU
		{9AC41665-6445-4962-AEA2-53A71A8D6F4A}.Release|Any CPU.Build.0 = Release|Any CPU
	EndGlobalSection
	GlobalSection(SolutionProperties) = preSolution
		HideSolutionNode = FALSE
	EndGlobalSection
	GlobalSection(ExtensibilityGlobals) = postSolution
		SolutionGuid = {59884DD0-3852-4DEC-9072-EE087ED44946}
	EndGlobalSection
EndGlobal
